
Microsoft Visual Studio Solution File, Format Version 12.00
# Visual Studio Version 17
VisualStudioVersion = 17.14.36616.10 d17.14
MinimumVisualStudioVersion = 10.0.40219.1
Project("{FAE04EC0-301F-11D3-BF4B-00C04F79EFBC}") = "primeira-aplicacao-asp.net-mvc", "primeira-aplicacao-asp.net-mvc.csproj", "{52FBCA6A-FBE5-4B21-B034-0F6008739463}"
EndProject
Global
	GlobalSection(SolutionConfigurationPlatforms) = preSolution
		Debug|Any CPU = Debug|Any CPU
		Release|Any CPU = Release|Any CPU
	EndGlobalSection
	GlobalSection(ProjectConfigurationPlatforms) = postSolution
		{52FBCA6A-FBE5-4B21-B034-0F6008739463}.Debug|Any CPU.ActiveCfg = Debug|Any CPU
		{52FBCA6A-FBE5-4B21-B034-0F6008739463}.Debug|Any CPU.Build.0 = Debug|Any CPU
		{52FBCA6A-FBE5-4B21-B034-0F6008739463}.Release|Any CPU.ActiveCfg = Release|Any CPU
		{52FBCA6A-FBE5-4B21-B034-0F6008739463}.Release|Any CPU.Build.0 = Release|Any CPU
	EndGlobalSection
	GlobalSection(SolutionProperties) = preSolution
		HideSolutionNode = FALSE
	EndGlobalSection
	GlobalSection(ExtensibilityGlobals) = postSolution
		SolutionGuid = {55428405-4FA4-4282-8814-38B8E6FC1651}
	EndGlobalSection
EndGlobal
